
Microsoft Visual Studio Solution File, Format Version 12.00
# Visual Studio Version 17
VisualStudioVersion = 17.0.32014.148
MinimumVisualStudioVersion = 10.0.40219.1
Project("{FAE04EC0-301F-11D3-BF4B-00C04F79EFBC}") = "TwoSum", "TwoSum\TwoSum.csproj", "{F11A2B49-0929-4AEF-A108-2A3FF77F211A}"
EndProject
Global
	GlobalSection(SolutionConfigurationPlatforms) = preSolution
		Debug|Any CPU = Debug|Any CPU
		Release|Any CPU = Release|Any CPU
	EndGlobalSection
	GlobalSection(ProjectConfigurationPlatforms) = postSolution
		{F11A2B49-0929-4AEF-A108-2A3FF77F211A}.Debug|Any CPU.ActiveCfg = Debug|Any CPU
		{F11A2B49-0929-4AEF-A108-2A3FF77F211A}.Debug|Any CPU.Build.0 = Debug|Any CPU
		{F11A2B49-0929-4AEF-A108-2A3FF77F211A}.Release|Any CPU.ActiveCfg = Release|Any CPU
		{F11A2B49-0929-4AEF-A108-2A3FF77F211A}.Release|Any CPU.Build.0 = Release|Any CPU
	EndGlobalSection
	GlobalSection(SolutionProperties) = preSolution
		HideSolutionNode = FALSE
	EndGlobalSection
	GlobalSection(ExtensibilityGlobals) = postSolution
		SolutionGuid = {99EC1E0B-EE25-4E0C-911A-598B42147C40}
	EndGlobalSection
EndGlobal
